
Microsoft Visual Studio Solution File, Format Version 12.00
# Visual Studio Version 17
VisualStudioVersion = 17.0.31903.59
MinimumVisualStudioVersion = 10.0.40219.1
Project("{2150E333-8FDC-42A3-9474-1A3956D46DE8}") = "src", "src", "{39584DA9-23D2-4FC6-B75D-7B4047A67BF2}"
EndProject
Project("{FAE04EC0-301F-11D3-BF4B-00C04F79EFBC}") = "MemCore", "src\MemCore\MemCore.csproj", "{ED5A9001-8B62-4D8E-BE75-5889E428833F}"
EndProject
Project("{2150E333-8FDC-42A3-9474-1A3956D46DE8}") = "libs", "libs", "{D7EC60CA-DAA1-4210-9017-2FED6F41E74B}"
EndProject
Project("{2150E333-8FDC-42A3-9474-1A3956D46DE8}") = "ProcessMemory", "ProcessMemory", "{07A9C254-11E2-4DFB-B78B-06836B2544E9}"
EndProject
Project("{FAE04EC0-301F-11D3-BF4B-00C04F79EFBC}") = "ProcessMemory", "src\libs\ProcessMemory\ProcessMemory\ProcessMemory.csproj", "{760A650F-7404-4EE6-B57D-807AEF2A5D8E}"
EndProject
Global
	GlobalSection(SolutionConfigurationPlatforms) = preSolution
		Debug|Any CPU = Debug|Any CPU
		Release|Any CPU = Release|Any CPU
	EndGlobalSection
	GlobalSection(SolutionProperties) = preSolution
		HideSolutionNode = FALSE
	EndGlobalSection
	GlobalSection(ProjectConfigurationPlatforms) = postSolution
		{ED5A9001-8B62-4D8E-BE75-5889E428833F}.Debug|Any CPU.ActiveCfg = Debug|Any CPU
		{ED5A9001-8B62-4D8E-BE75-5889E428833F}.Debug|Any CPU.Build.0 = Debug|Any CPU
		{ED5A9001-8B62-4D8E-BE75-5889E428833F}.Release|Any CPU.ActiveCfg = Release|Any CPU
		{ED5A9001-8B62-4D8E-BE75-5889E428833F}.Release|Any CPU.Build.0 = Release|Any CPU
		{760A650F-7404-4EE6-B57D-807AEF2A5D8E}.Debug|Any CPU.ActiveCfg = Debug|x64
		{760A650F-7404-4EE6-B57D-807AEF2A5D8E}.Debug|Any CPU.Build.0 = Debug|x64
		{760A650F-7404-4EE6-B57D-807AEF2A5D8E}.Release|Any CPU.ActiveCfg = Release|x64
		{760A650F-7404-4EE6-B57D-807AEF2A5D8E}.Release|Any CPU.Build.0 = Release|x64
	EndGlobalSection
	GlobalSection(NestedProjects) = preSolution
		{ED5A9001-8B62-4D8E-BE75-5889E428833F} = {39584DA9-23D2-4FC6-B75D-7B4047A67BF2}
		{D7EC60CA-DAA1-4210-9017-2FED6F41E74B} = {39584DA9-23D2-4FC6-B75D-7B4047A67BF2}
		{07A9C254-11E2-4DFB-B78B-06836B2544E9} = {D7EC60CA-DAA1-4210-9017-2FED6F41E74B}
		{760A650F-7404-4EE6-B57D-807AEF2A5D8E} = {07A9C254-11E2-4DFB-B78B-06836B2544E9}
	EndGlobalSection
EndGlobal
